
Microsoft Visual Studio Solution File, Format Version 12.00
# Visual Studio Version 17
VisualStudioVersion = 17.10.35013.160
MinimumVisualStudioVersion = 10.0.40219.1
Project("{9A19103F-16F7-4668-BE54-9A1E7A4F7556}") = "BlogDataLibrary", "..\..\..\source\repos\PeñaflorLE2\BlogDataLibrary\BlogDataLibrary.csproj", "{188DD7F6-0ACC-4428-AB71-3049B4D4814B}"
EndProject
Project("{9A19103F-16F7-4668-BE54-9A1E7A4F7556}") = "BlogTestUI", "..\..\..\source\repos\PeñaflorLE2\BlogTestUI\BlogTestUI.csproj", "{C8B6A639-AA73-431F-8832-5DB0AF46120E}"
EndProject
Project("{00D1A9C2-B5F0-4AF3-8072-F6C62B433612}") = "PeñaflorBlogDB", "..\..\..\source\repos\PeñaflorLE2\PeñaflorBlogDB\PeñaflorBlogDB.sqlproj", "{C5C24EF7-5B4B-494C-B5CB-C78AB227CA2B}"
EndProject
Global
	GlobalSection(SolutionConfigurationPlatforms) = preSolution
		Debug|Any CPU = Debug|Any CPU
		Release|Any CPU = Release|Any CPU
	EndGlobalSection
	GlobalSection(ProjectConfigurationPlatforms) = postSolution
		{188DD7F6-0ACC-4428-AB71-3049B4D4814B}.Debug|Any CPU.ActiveCfg = Debug|Any CPU
		{188DD7F6-0ACC-4428-AB71-3049B4D4814B}.Debug|Any CPU.Build.0 = Debug|Any CPU
		{188DD7F6-0ACC-4428-AB71-3049B4D4814B}.Release|Any CPU.ActiveCfg = Release|Any CPU
		{188DD7F6-0ACC-4428-AB71-3049B4D4814B}.Release|Any CPU.Build.0 = Release|Any CPU
		{C8B6A639-AA73-431F-8832-5DB0AF46120E}.Debug|Any CPU.ActiveCfg = Debug|Any CPU
		{C8B6A639-AA73-431F-8832-5DB0AF46120E}.Debug|Any CPU.Build.0 = Debug|Any CPU
		{C8B6A639-AA73-431F-8832-5DB0AF46120E}.Release|Any CPU.ActiveCfg = Release|Any CPU
		{C8B6A639-AA73-431F-8832-5DB0AF46120E}.Release|Any CPU.Build.0 = Release|Any CPU
		{C5C24EF7-5B4B-494C-B5CB-C78AB227CA2B}.Debug|Any CPU.ActiveCfg = Debug|Any CPU
		{C5C24EF7-5B4B-494C-B5CB-C78AB227CA2B}.Debug|Any CPU.Build.0 = Debug|Any CPU
		{C5C24EF7-5B4B-494C-B5CB-C78AB227CA2B}.Debug|Any CPU.Deploy.0 = Debug|Any CPU
		{C5C24EF7-5B4B-494C-B5CB-C78AB227CA2B}.Release|Any CPU.ActiveCfg = Release|Any CPU
		{C5C24EF7-5B4B-494C-B5CB-C78AB227CA2B}.Release|Any CPU.Build.0 = Release|Any CPU
		{C5C24EF7-5B4B-494C-B5CB-C78AB227CA2B}.Release|Any CPU.Deploy.0 = Release|Any CPU
	EndGlobalSection
	GlobalSection(SolutionProperties) = preSolution
		HideSolutionNode = FALSE
	EndGlobalSection
	GlobalSection(ExtensibilityGlobals) = postSolution
		SolutionGuid = {0F40ABBD-5A22-4B74-B7EB-A55BBBC69097}
	EndGlobalSection
EndGlobal
